
Microsoft Visual Studio Solution File, Format Version 12.00
# Visual Studio 14
VisualStudioVersion = 14.0.25123.0
MinimumVisualStudioVersion = 10.0.40219.1
Project("{FAE04EC0-301F-11D3-BF4B-00C04F79EFBC}") = "ArduinoSample", "ArduinoSample\ArduinoSample.csproj", "{DD6D79E8-D425-4922-A1F8-98DC82A49A7C}"
EndProject
Project("{FAE04EC0-301F-11D3-BF4B-00C04F79EFBC}") = "ArduinoSample.Modules", "ArduinoSample.Modules\ArduinoSample.Modules.csproj", "{A82CF622-69DC-4FE7-B7C7-660AF574BF8D}"
EndProject
Global
	GlobalSection(SolutionConfigurationPlatforms) = preSolution
		Debug|Any CPU = Debug|Any CPU
		Release|Any CPU = Release|Any CPU
	EndGlobalSection
	GlobalSection(ProjectConfigurationPlatforms) = postSolution
		{DD6D79E8-D425-4922-A1F8-98DC82A49A7C}.Debug|Any CPU.ActiveCfg = Debug|Any CPU
		{DD6D79E8-D425-4922-A1F8-98DC82A49A7C}.Debug|Any CPU.Build.0 = Debug|Any CPU
		{DD6D79E8-D425-4922-A1F8-98DC82A49A7C}.Release|Any CPU.ActiveCfg = Release|Any CPU
		{DD6D79E8-D425-4922-A1F8-98DC82A49A7C}.Release|Any CPU.Build.0 = Release|Any CPU
		{A82CF622-69DC-4FE7-B7C7-660AF574BF8D}.Debug|Any CPU.ActiveCfg = Debug|Any CPU
		{A82CF622-69DC-4FE7-B7C7-660AF574BF8D}.Debug|Any CPU.Build.0 = Debug|Any CPU
		{A82CF622-69DC-4FE7-B7C7-660AF574BF8D}.Release|Any CPU.ActiveCfg = Release|Any CPU
		{A82CF622-69DC-4FE7-B7C7-660AF574BF8D}.Release|Any CPU.Build.0 = Release|Any CPU
	EndGlobalSection
	GlobalSection(SolutionProperties) = preSolution
		HideSolutionNode = FALSE
	EndGlobalSection
EndGlobal
